github.com/libdns/libdns v0.2.1 h1:Wu59T7wSHRgtA0cfxC+n1c/e+O3upJGWytknkmFEDis=
github.com/libdns/libdns v0.2.1/go.mod h1:yQCXzk1lEZmmCPa857bnk4TsOiqYasqpyOEeSObbb40=
gopkg.in/ns1/ns1-go.v2 v2.9.0 h1:6sEUgb0bSNM4AqgUe44iIcHhwAAr1MakiqC7Ul5j8IM=
gopkg.in/ns1/ns1-go.v2 v2.9.0/go.mod h1:pfaU0vECVP7DIOr453z03HXS6dFJpXdNRwOyRzwmPSc=
